// !$*UTF8*$!
{
	archiveVersion = 1;
	classes = {
	};
	objectVersion = 50;
	objects = {

/* Begin PBXBuildFile section */
		BB5E197224F9FAA90038EFA8 /* AppDelegate.m in Sources */ = {isa = PBXBuildFile; fileRef = BB5E197124F9FAA90038EFA8 /* AppDelegate.m */; };
		BB5E197824F9FAA90038EFA8 /* ViewController.m in Sources */ = {isa = PBXBuildFile; fileRef = BB5E197724F9FAA90038EFA8 /* ViewController.m */; };
		BB5E197B24F9FAA90038EFA8 /* Main.storyboard in Resources */ = {isa = PBXBuildFile; fileRef = BB5E197924F9FAA90038EFA8 /* Main.storyboard */; };
		BB5E197D24F9FAAA0038EFA8 /* Assets.xcassets in Resources */ = {isa = PBXBuildFile; fileRef = BB5E197C24F9FAAA0038EFA8 /* Assets.xcassets */; };
		BB5E198024F9FAAA0038EFA8 /* LaunchScreen.storyboard in Resources */ = {isa = PBXBuildFile; fileRef = BB5E197E24F9FAAA0038EFA8 /* LaunchScreen.storyboard */; };
		BB5E198324F9FAAA0038EFA8 /* main.m in Sources */ = {isa = PBXBuildFile; fileRef = BB5E198224F9FAAA0038EFA8 /* main.m */; };
		BB5E198C24FA0D1A0038EFA8 /* HxKeyChainTools.m in Sources */ = {isa = PBXBuildFile; fileRef = BB5E198B24FA0D1A0038EFA8 /* HxKeyChainTools.m */; };
/* End PBXBuildFile section */

/* Begin PBXFileReference section */
		BB5E196D24F9FAA90038EFA8 /* HxSignInWithAppleDemo.app */ = {isa = PBXFileReference; explicitFileType = wrapper.application; includeInIndex = 0; path = HxSignInWithAppleDemo.app; sourceTree = BUILT_PRODUCTS_DIR; };
		BB5E197024F9FAA90038EFA8 /* AppDelegate.h */ = {isa = PBXFileReference; lastKnownFileType = sourcecode.c.h; path = AppDelegate.h; sourceTree = "<group>"; };
		BB5E197124F9FAA90038EFA8 /* AppDelegate.m */ = {isa = PBXFileReference; lastKnownFileType = sourcecode.c.objc; path = AppDelegate.m; sourceTree = "<group>"; };
		BB5E197624F9FAA90038EFA8 /* ViewController.h */ = {isa = PBXFileReference; lastKnownFileType = sourcecode.c.h; path = ViewController.h; sourceTree = "<group>"; };
		BB5E197724F9FAA90038EFA8 /* ViewController.m */ = {isa = PBXFileReference; lastKnownFileType = sourcecode.c.objc; path = ViewController.m; sourceTree = "<group>"; };
		BB5E197A24F9FAA90038EFA8 /* Base */ = {isa = PBXFileReference; lastKnownFileType = file.storyboard; name = Base; path = Base.lproj/Main.storyboard; sourceTree = "<group>"; };
		BB5E197C24F9FAAA0038EFA8 /* Assets.xcassets */ = {isa = PBXFileReference; lastKnownFileType = folder.assetcatalog; path = Assets.xcassets; sourceTree = "<group>"; };
		BB5E197F24F9FAAA0038EFA8 /* Base */ = {isa = PBXFileReference; lastKnownFileType = file.storyboard; name = Base; path = Base.lproj/LaunchScreen.storyboard; sourceTree = "<group>"; };
		BB5E198124F9FAAA0038EFA8 /* Info.plist */ = {isa = PBXFileReference; lastKnownFileType = text.plist.xml; path = Info.plist; sourceTree = "<group>"; };
		BB5E198224F9FAAA0038EFA8 /* main.m */ = {isa = PBXFileReference; lastKnownFileType = sourcecode.c.objc; path = main.m; sourceTree = "<group>"; };
		BB5E198924F9FCE40038EFA8 /* HxSignInWithAppleDemo.entitlements */ = {isa = PBXFileReference; lastKnownFileType = text.plist.entitlements; path = HxSignInWithAppleDemo.entitlements; sourceTree = "<group>"; };
		BB5E198A24FA0D1A0038EFA8 /* HxKeyChainTools.h */ = {isa = PBXFileReference; lastKnownFileType = sourcecode.c.h; path = HxKeyChainTools.h; sourceTree = "<group>"; };
		BB5E198B24FA0D1A0038EFA8 /* HxKeyChainTools.m */ = {isa = PBXFileReference; lastKnownFileType = sourcecode.c.objc; path = HxKeyChainTools.m; sourceTree = "<group>"; };
		BB5E198D24FA110F0038EFA8 /* PrefixHeader.pch */ = {isa = PBXFileReference; lastKnownFileType = sourcecode.c.h; path = PrefixHeader.pch; sourceTree = "<group>"; };
/* End PBXFileReference section */

/* Begin PBXFrameworksBuildPhase section */
		BB5E196A24F9FAA90038EFA8 /* Frameworks */ = {
			isa = PBXFrameworksBuildPhase;
			buildActionMask = 2147483647;
			files = (
			);
			runOnlyForDeploymentPostprocessing = 0;
		};
/* End PBXFrameworksBuildPhase section */

/* Begin PBXGroup section */
		BB5E196424F9FAA90038EFA8 = {
			isa = PBXGroup;
			children = (
				BB5E196F24F9FAA90038EFA8 /* HxSignInWithAppleDemo */,
				BB5E196E24F9FAA90038EFA8 /* Products */,
			);
			sourceTree = "<group>";
		};
		BB5E196E24F9FAA90038EFA8 /* Products */ = {
			isa = PBXGroup;
			children = (
				BB5E196D24F9FAA90038EFA8 /* HxSignInWithAppleDemo.app */,
			);
			name = Products;
			sourceTree = "<group>";
		};
		BB5E196F24F9FAA90038EFA8 /* HxSignInWithAppleDemo */ = {
			isa = PBXGroup;
			children = (
				BB5E198924F9FCE40038EFA8 /* HxSignInWithAppleDemo.entitlements */,
				BB5E197024F9FAA90038EFA8 /* AppDelegate.h */,
				BB5E197124F9FAA90038EFA8 /* AppDelegate.m */,
				BB5E197624F9FAA90038EFA8 /* ViewController.h */,
				BB5E197724F9FAA90038EFA8 /* ViewController.m */,
				BB5E197924F9FAA90038EFA8 /* Main.storyboard */,
				BB5E197C24F9FAAA0038EFA8 /* Assets.xcassets */,
				BB5E197E24F9FAAA0038EFA8 /* LaunchScreen.storyboard */,
				BB5E198124F9FAAA0038EFA8 /* Info.plist */,
				BB5E198224F9FAAA0038EFA8 /* main.m */,
				BB5E198A24FA0D1A0038EFA8 /* HxKeyChainTools.h */,
				BB5E198B24FA0D1A0038EFA8 /* HxKeyChainTools.m */,
				BB5E198D24FA110F0038EFA8 /* PrefixHeader.pch */,
			);
			path = HxSignInWithAppleDemo;
			sourceTree = "<group>";
		};
/* End PBXGroup section */

/* Begin PBXNativeTarget section */
		BB5E196C24F9FAA90038EFA8 /* HxSignInWithAppleDemo */ = {
			isa = PBXNativeTarget;
			buildConfigurationList = BB5E198624F9FAAA0038EFA8 /* Build configuration list for PBXNativeTarget "HxSignInWithAppleDemo" */;
			buildPhases = (
				BB5E196924F9FAA90038EFA8 /* Sources */,
				BB5E196A24F9FAA90038EFA8 /* Frameworks */,
				BB5E196B24F9FAA90038EFA8 /* Resources */,
			);
			buildRules = (
			);
			dependencies = (
			);
			name = HxSignInWithAppleDemo;
			productName = HxSignInWithAppleDemo;
			productReference = BB5E196D24F9FAA90038EFA8 /* HxSignInWithAppleDemo.app */;
			productType = "com.apple.product-type.application";
		};
/* End PBXNativeTarget section */

/* Begin PBXProject section */
		BB5E196524F9FAA90038EFA8 /* Project object */ = {
			isa = PBXProject;
			attributes = {
				LastUpgradeCheck = 1160;
				ORGANIZATIONNAME = "han xiao";
				TargetAttributes = {
					BB5E196C24F9FAA90038EFA8 = {
						CreatedOnToolsVersion = 11.6;
					};
				};
			};
			buildConfigurationList = BB5E196824F9FAA90038EFA8 /* Build configuration list for PBXProject "HxSignInWithAppleDemo" */;
			compatibilityVersion = "Xcode 9.3";
			developmentRegion = en;
			hasScannedForEncodings = 0;
			knownRegions = (
				en,
				Base,
			);
			mainGroup = BB5E196424F9FAA90038EFA8;
			productRefGroup = BB5E196E24F9FAA90038EFA8 /* Products */;
			projectDirPath = "";
			projectRoot = "";
			targets = (
				BB5E196C24F9FAA90038EFA8 /* HxSignInWithAppleDemo */,
			);
		};
/* End PBXProject section */

/* Begin PBXResourcesBuildPhase section */
		BB5E196B24F9FAA90038EFA8 /* Resources */ = {
			isa = PBXResourcesBuildPhase;
			buildActionMask = 2147483647;
			files = (
				BB5E198024F9FAAA0038EFA8 /* LaunchScreen.storyboard in Resources */,
				BB5E197D24F9FAAA0038EFA8 /* Assets.xcassets in Resources */,
				BB5E197B24F9FAA90038EFA8 /* Main.storyboard in Resources */,
			);
			runOnlyForDeploymentPostprocessing = 0;
		};
/* End PBXResourcesBuildPhase section */

/* Begin PBXSourcesBuildPhase section */
		BB5E196924F9FAA90038EFA8 /* Sources */ = {
			isa = PBXSourcesBuildPhase;
			buildActionMask = 2147483647;
			files = (
				BB5E197824F9FAA90038EFA8 /* ViewController.m in Sources */,
				BB5E198C24FA0D1A0038EFA8 /* HxKeyChainTools.m in Sources */,
				BB5E197224F9FAA90038EFA8 /* AppDelegate.m in Sources */,
				BB5E198324F9FAAA0038EFA8 /* main.m in Sources */,
			);
			runOnlyForDeploymentPostprocessing = 0;
		};
/* End PBXSourcesBuildPhase section */

/* Begin PBXVariantGroup section */
		BB5E197924F9FAA90038EFA8 /* Main.storyboard */ = {
			isa = PBXVariantGroup;
			children = (
				BB5E197A24F9FAA90038EFA8 /* Base */,
			);
			name = Main.storyboard;
			sourceTree = "<group>";
		};
		BB5E197E24F9FAAA0038EFA8 /* LaunchScreen.storyboard */ = {
			isa = PBXVariantGroup;
			children = (
				BB5E197F24F9FAAA0038EFA8 /* Base */,
			);
			name = LaunchScreen.storyboard;
			sourceTree = "<group>";
		};
/* End PBXVariantGroup section */

/* Begin XCBuildConfiguration section */
		BB5E198424F9FAAA0038EFA8 /* Debug */ = {
			isa = XCBuildConfiguration;
			buildSettings = {
				ALWAYS_SEARCH_USER_PATHS = NO;
				CLANG_ANALYZER_NONNULL = YES;
				CLANG_ANALYZER_NUMBER_OBJECT_CONVERSION = YES_AGGRESSIVE;
				CLANG_CXX_LANGUAGE_STANDARD = "gnu++14";
				CLANG_CXX_LIBRARY = "libc++";
				CLANG_ENABLE_MODULES = YES;
				CLANG_ENABLE_OBJC_ARC = YES;
				CLANG_ENABLE_OBJC_WEAK = YES;
				CLANG_WARN_BLOCK_CAPTURE_AUTORELEASING = YES;
				CLANG_WARN_BOOL_CONVERSION = YES;
				CLANG_WARN_COMMA = YES;
				CLANG_WARN_CONSTANT_CONVERSION = YES;
				CLANG_WARN_DEPRECATED_OBJC_IMPLEMENTATIONS = YES;
				CLANG_WARN_DIRECT_OBJC_ISA_USAGE = YES_ERROR;
				CLANG_WARN_DOCUMENTATION_COMMENTS = YES;
				CLANG_WARN_EMPTY_BODY = YES;
				CLANG_WARN_ENUM_CONVERSION = YES;
				CLANG_WARN_INFINITE_RECURSION = YES;
				CLANG_WARN_INT_CONVERSION = YES;
				CLANG_WARN_NON_LITERAL_NULL_CONVERSION = YES;
				CLANG_WARN_OBJC_IMPLICIT_RETAIN_SELF = YES;
				CLANG_WARN_OBJC_LITERAL_CONVERSION = YES;
				CLANG_WARN_OBJC_ROOT_CLASS = YES_ERROR;
				CLANG_WARN_RANGE_LOOP_ANALYSIS = YES;
				CLANG_WARN_STRICT_PROTOTYPES = YES;
				CLANG_WARN_SUSPICIOUS_MOVE = YES;
				CLANG_WARN_UNGUARDED_AVAILABILITY = YES_AGGRESSIVE;
				CLANG_WARN_UNREACHABLE_CODE = YES;
				CLANG_WARN__DUPLICATE_METHOD_MATCH = YES;
				COPY_PHASE_STRIP = NO;
				DEBUG_INFORMATION_FORMAT = dwarf;
				ENABLE_STRICT_OBJC_MSGSEND = YES;
				ENABLE_TESTABILITY = YES;
				GCC_C_LANGUAGE_STANDARD = gnu11;
				GCC_DYNAMIC_NO_PIC = NO;
				GCC_NO_COMMON_BLOCKS = YES;
				GCC_OPTIMIZATION_LEVEL = 0;
				GCC_PREPROCESSOR_DEFINITIONS = (
					"DEBUG=1",
					"$(inherited)",
				);
				GCC_WARN_64_TO_32_BIT_CONVERSION = YES;
				GCC_WARN_ABOUT_RETURN_TYPE = YES_ERROR;
				GCC_WARN_UNDECLARED_SELECTOR = YES;
				GCC_WARN_UNINITIALIZED_AUTOS = YES_AGGRESSIVE;
				GCC_WARN_UNUSED_FUNCTION = YES;
				GCC_WARN_UNUSED_VARIABLE = YES;
				IPHONEOS_DEPLOYMENT_TARGET = 13.0;
				MTL_ENABLE_DEBUG_INFO = INCLUDE_SOURCE;
				MTL_FAST_MATH = YES;
				ONLY_ACTIVE_ARCH = YES;
				SDKROOT = iphoneos;
			};
			name = Debug;
		};
		BB5E198524F9FAAA0038EFA8 /* Release */ = {
			isa = XCBuildConfiguration;
			buildSettings = {
				ALWAYS_SEARCH_USER_PATHS = NO;
				CLANG_ANALYZER_NONNULL = YES;
				CLANG_ANALYZER_NUMBER_OBJECT_CONVERSION = YES_AGGRESSIVE;
				CLANG_CXX_LANGUAGE_STANDARD = "gnu++14";
				CLANG_CXX_LIBRARY = "libc++";
				CLANG_ENABLE_MODULES = YES;
				CLANG_ENABLE_OBJC_ARC = YES;
				CLANG_ENABLE_OBJC_WEAK = YES;
				CLANG_WARN_BLOCK_CAPTURE_AUTORELEASING = YES;
				CLANG_WARN_BOOL_CONVERSION = YES;
				CLANG_WARN_COMMA = YES;
				CLANG_WARN_CONSTANT_CONVERSION = YES;
				CLANG_WARN_DEPRECATED_OBJC_IMPLEMENTATIONS = YES;
				CLANG_WARN_DIRECT_OBJC_ISA_USAGE = YES_ERROR;
				CLANG_WARN_DOCUMENTATION_COMMENTS = YES;
				CLANG_WARN_EMPTY_BODY = YES;
				CLANG_WARN_ENUM_CONVERSION = YES;
				CLANG_WARN_INFINITE_RECURSION = YES;
				CLANG_WARN_INT_CONVERSION = YES;
				CLANG_WARN_NON_LITERAL_NULL_CONVERSION = YES;
				CLANG_WARN_OBJC_IMPLICIT_RETAIN_SELF = YES;
				CLANG_WARN_OBJC_LITERAL_CONVERSION = YES;
				CLANG_WARN_OBJC_ROOT_CLASS = YES_ERROR;
				CLANG_WARN_RANGE_LOOP_ANALYSIS = YES;
				CLANG_WARN_STRICT_PROTOTYPES = YES;
				CLANG_WARN_SUSPICIOUS_MOVE = YES;
				CLANG_WARN_UNGUARDED_AVAILABILITY = YES_AGGRESSIVE;
				CLANG_WARN_UNREACHABLE_CODE = YES;
				CLANG_WARN__DUPLICATE_METHOD_MATCH = YES;
				COPY_PHASE_STRIP = NO;
				DEBUG_INFORMATION_FORMAT = "dwarf-with-dsym";
				ENABLE_NS_ASSERTIONS = NO;
				ENABLE_STRICT_OBJC_MSGSEND = YES;
				GCC_C_LANGUAGE_STANDARD = gnu11;
				GCC_NO_COMMON_BLOCKS = YES;
				GCC_WARN_64_TO_32_BIT_CONVERSION = YES;
				GCC_WARN_ABOUT_RETURN_TYPE = YES_ERROR;
				GCC_WARN_UNDECLARED_SELECTOR = YES;
				GCC_WARN_UNINITIALIZED_AUTOS = YES_AGGRESSIVE;
				GCC_WARN_UNUSED_FUNCTION = YES;
				GCC_WARN_UNUSED_VARIABLE = YES;
				IPHONEOS_DEPLOYMENT_TARGET = 13.0;
				MTL_ENABLE_DEBUG_INFO = NO;
				MTL_FAST_MATH = YES;
				SDKROOT = iphoneos;
				VALIDATE_PRODUCT = YES;
			};
			name = Release;
		};
		BB5E198724F9FAAA0038EFA8 /* Debug */ = {
			isa = XCBuildConfiguration;
			buildSettings = {
				ASSETCATALOG_COMPILER_APPICON_NAME = AppIcon;
				CODE_SIGN_ENTITLEMENTS = HxSignInWithAppleDemo/HxSignInWithAppleDemo.entitlements;
				CODE_SIGN_STYLE = Automatic;
				DEVELOPMENT_TEAM = WHU4Z8735K;
				GCC_PREFIX_HEADER = /Users/hanxiao/Desktop/HxSignInWithAppleDemo/HxSignInWithAppleDemo/PrefixHeader.pch;
				INFOPLIST_FILE = HxSignInWithAppleDemo/Info.plist;
				LD_RUNPATH_SEARCH_PATHS = (
					"$(inherited)",
					"@executable_path/Frameworks",
				);
				PRODUCT_BUNDLE_IDENTIFIER = com.wanda.wealth;
				PRODUCT_NAME = "$(TARGET_NAME)";
				TARGETED_DEVICE_FAMILY = "1,2";
			};
			name = Debug;
		};
		BB5E198824F9FAAA0038EFA8 /* Release */ = {
			isa = XCBuildConfiguration;
			buildSettings = {
				ASSETCATALOG_COMPILER_APPICON_NAME = AppIcon;
				CODE_SIGN_ENTITLEMENTS = HxSignInWithAppleDemo/HxSignInWithAppleDemo.entitlements;
				CODE_SIGN_STYLE = Automatic;
				DEVELOPMENT_TEAM = WHU4Z8735K;
				GCC_PREFIX_HEADER = /Users/hanxiao/Desktop/HxSignInWithAppleDemo/HxSignInWithAppleDemo/PrefixHeader.pch;
				INFOPLIST_FILE = HxSignInWithAppleDemo/Info.plist;
				LD_RUNPATH_SEARCH_PATHS = (
					"$(inherited)",
					"@executable_path/Frameworks",
				);
				PRODUCT_BUNDLE_IDENTIFIER = com.wanda.wealth;
				PRODUCT_NAME = "$(TARGET_NAME)";
				TARGETED_DEVICE_FAMILY = "1,2";
			};
			name = Release;
		};
/* End XCBuildConfiguration section */

/* Begin XCConfigurationList section */
		BB5E196824F9FAA90038EFA8 /* Build configuration list for PBXProject "HxSignInWithAppleDemo" */ = {
			isa = XCConfigurationList;
			buildConfigurations = (
				BB5E198424F9FAAA0038EFA8 /* Debug */,
				BB5E198524F9FAAA0038EFA8 /* Release */,
			);
			defaultConfigurationIsVisible = 0;
			defaultConfigurationName = Release;
		};
		BB5E198624F9FAAA0038EFA8 /* Build configuration list for PBXNativeTarget "HxSignInWithAppleDemo" */ = {
			isa = XCConfigurationList;
			buildConfigurations = (
				BB5E198724F9FAAA0038EFA8 /* Debug */,
				BB5E198824F9FAAA0038EFA8 /* Release */,
			);
			defaultConfigurationIsVisible = 0;
			defaultConfigurationName = Release;
		};
/* End XCConfigurationList section */
	};
	rootObject = BB5E196524F9FAA90038EFA8 /* Project object */;
}
